
Microsoft Visual Studio Solution File, Format Version 12.00
# Visual Studio 14
VisualStudioVersion = 14.0.25123.0
MinimumVisualStudioVersion = 10.0.40219.1
Project("{FAE04EC0-301F-11D3-BF4B-00C04F79EFBC}") = "DcRioEdit", "DcRioEdit\DcRioEdit.csproj", "{DC244FC1-8739-4E12-A2EE-2921B109341B}"
EndProject
Project("{F2A71F9B-5D33-465A-A702-920D77279786}") = "DcRioEdit.Models", "DcRioEdit.Models\DcRioEdit.Models.fsproj", "{1CB10FC7-9308-41D6-9D63-E3A28C1A74DB}"
EndProject
Global
	GlobalSection(SolutionConfigurationPlatforms) = preSolution
		Debug|Any CPU = Debug|Any CPU
		Debug|x64 = Debug|x64
		Release|Any CPU = Release|Any CPU
		Release|x64 = Release|x64
	EndGlobalSection
	GlobalSection(ProjectConfigurationPlatforms) = postSolution
		{DC244FC1-8739-4E12-A2EE-2921B109341B}.Debug|Any CPU.ActiveCfg = Debug|Any CPU
		{DC244FC1-8739-4E12-A2EE-2921B109341B}.Debug|Any CPU.Build.0 = Debug|Any CPU
		{DC244FC1-8739-4E12-A2EE-2921B109341B}.Debug|x64.ActiveCfg = Debug|x64
		{DC244FC1-8739-4E12-A2EE-2921B109341B}.Debug|x64.Build.0 = Debug|x64
		{DC244FC1-8739-4E12-A2EE-2921B109341B}.Release|Any CPU.ActiveCfg = Release|Any CPU
		{DC244FC1-8739-4E12-A2EE-2921B109341B}.Release|Any CPU.Build.0 = Release|Any CPU
		{DC244FC1-8739-4E12-A2EE-2921B109341B}.Release|x64.ActiveCfg = Release|x64
		{DC244FC1-8739-4E12-A2EE-2921B109341B}.Release|x64.Build.0 = Release|x64
		{1CB10FC7-9308-41D6-9D63-E3A28C1A74DB}.Debug|Any CPU.ActiveCfg = Debug|Any CPU
		{1CB10FC7-9308-41D6-9D63-E3A28C1A74DB}.Debug|Any CPU.Build.0 = Debug|Any CPU
		{1CB10FC7-9308-41D6-9D63-E3A28C1A74DB}.Debug|x64.ActiveCfg = Debug|x64
		{1CB10FC7-9308-41D6-9D63-E3A28C1A74DB}.Debug|x64.Build.0 = Debug|x64
		{1CB10FC7-9308-41D6-9D63-E3A28C1A74DB}.Release|Any CPU.ActiveCfg = Release|Any CPU
		{1CB10FC7-9308-41D6-9D63-E3A28C1A74DB}.Release|Any CPU.Build.0 = Release|Any CPU
		{1CB10FC7-9308-41D6-9D63-E3A28C1A74DB}.Release|x64.ActiveCfg = Release|x64
		{1CB10FC7-9308-41D6-9D63-E3A28C1A74DB}.Release|x64.Build.0 = Release|x64
	EndGlobalSection
	GlobalSection(SolutionProperties) = preSolution
		HideSolutionNode = FALSE
	EndGlobalSection
EndGlobal
